// !$*UTF8*$!
{
	archiveVersion = 1;
	classes = {
	};
	objectVersion = 50;
	objects = {

/* Begin PBXBuildFile section */
		2EB2DFA024041F3A0036CE41 /* AppDelegate.swift in Sources */ = {isa = PBXBuildFile; fileRef = 2EB2DF9F24041F3A0036CE41 /* AppDelegate.swift */; };
		2EB2DFA224041F3A0036CE41 /* SceneDelegate.swift in Sources */ = {isa = PBXBuildFile; fileRef = 2EB2DFA124041F3A0036CE41 /* SceneDelegate.swift */; };
		2EB2DFA424041F3A0036CE41 /* ContentView.swift in Sources */ = {isa = PBXBuildFile; fileRef = 2EB2DFA324041F3A0036CE41 /* ContentView.swift */; };
		2EB2DFA624041F3C0036CE41 /* Assets.xcassets in Resources */ = {isa = PBXBuildFile; fileRef = 2EB2DFA524041F3C0036CE41 /* Assets.xcassets */; };
		2EB2DFA924041F3C0036CE41 /* Preview Assets.xcassets in Resources */ = {isa = PBXBuildFile; fileRef = 2EB2DFA824041F3C0036CE41 /* Preview Assets.xcassets */; };
		2EB2DFAC24041F3C0036CE41 /* LaunchScreen.storyboard in Resources */ = {isa = PBXBuildFile; fileRef = 2EB2DFAA24041F3C0036CE41 /* LaunchScreen.storyboard */; };
		2EB2DFB724041F3C0036CE41 /* Guess_The_FlagTests.swift in Sources */ = {isa = PBXBuildFile; fileRef = 2EB2DFB624041F3C0036CE41 /* Guess_The_FlagTests.swift */; };
		2EB2DFC224041F3C0036CE41 /* Guess_The_FlagUITests.swift in Sources */ = {isa = PBXBuildFile; fileRef = 2EB2DFC124041F3C0036CE41 /* Guess_The_FlagUITests.swift */; };
/* End PBXBuildFile section */

/* Begin PBXContainerItemProxy section */
		2EB2DFB324041F3C0036CE41 /* PBXContainerItemProxy */ = {
			isa = PBXContainerItemProxy;
			containerPortal = 2EB2DF9424041F3A0036CE41 /* Project object */;
			proxyType = 1;
			remoteGlobalIDString = 2EB2DF9B24041F3A0036CE41;
			remoteInfo = "Guess The Flag";
		};
		2EB2DFBE24041F3C0036CE41 /* PBXContainerItemProxy */ = {
			isa = PBXContainerItemProxy;
			containerPortal = 2EB2DF9424041F3A0036CE41 /* Project object */;
			proxyType = 1;
			remoteGlobalIDString = 2EB2DF9B24041F3A0036CE41;
			remoteInfo = "Guess The Flag";
		};
/* End PBXContainerItemProxy section */

/* Begin PBXFileReference section */
		2EB2DF9C24041F3A0036CE41 /* Guess The Flag.app */ = {isa = PBXFileReference; explicitFileType = wrapper.application; includeInIndex = 0; path = "Guess The Flag.app"; sourceTree = BUILT_PRODUCTS_DIR; };
		2EB2DF9F24041F3A0036CE41 /* AppDelegate.swift */ = {isa = PBXFileReference; lastKnownFileType = sourcecode.swift; path = AppDelegate.swift; sourceTree = "<group>"; };
		2EB2DFA124041F3A0036CE41 /* SceneDelegate.swift */ = {isa = PBXFileReference; lastKnownFileType = sourcecode.swift; path = SceneDelegate.swift; sourceTree = "<group>"; };
		2EB2DFA324041F3A0036CE41 /* ContentView.swift */ = {isa = PBXFileReference; lastKnownFileType = sourcecode.swift; path = ContentView.swift; sourceTree = "<group>"; };
		2EB2DFA524041F3C0036CE41 /* Assets.xcassets */ = {isa = PBXFileReference; lastKnownFileType = folder.assetcatalog; path = Assets.xcassets; sourceTree = "<group>"; };
		2EB2DFA824041F3C0036CE41 /* Preview Assets.xcassets */ = {isa = PBXFileReference; lastKnownFileType = folder.assetcatalog; path = "Preview Assets.xcassets"; sourceTree = "<group>"; };
		2EB2DFAB24041F3C0036CE41 /* Base */ = {isa = PBXFileReference; lastKnownFileType = file.storyboard; name = Base; path = Base.lproj/LaunchScreen.storyboard; sourceTree = "<group>"; };
		2EB2DFAD24041F3C0036CE41 /* Info.plist */ = {isa = PBXFileReference; lastKnownFileType = text.plist.xml; path = Info.plist; sourceTree = "<group>"; };
		2EB2DFB224041F3C0036CE41 /* Guess The FlagTests.xctest */ = {isa = PBXFileReference; explicitFileType = wrapper.cfbundle; includeInIndex = 0; path = "Guess The FlagTests.xctest"; sourceTree = BUILT_PRODUCTS_DIR; };
		2EB2DFB624041F3C0036CE41 /* Guess_The_FlagTests.swift */ = {isa = PBXFileReference; lastKnownFileType = sourcecode.swift; path = Guess_The_FlagTests.swift; sourceTree = "<group>"; };
		2EB2DFB824041F3C0036CE41 /* Info.plist */ = {isa = PBXFileReference; lastKnownFileType = text.plist.xml; path = Info.plist; sourceTree = "<group>"; };
		2EB2DFBD24041F3C0036CE41 /* Guess The FlagUITests.xctest */ = {isa = PBXFileReference; explicitFileType = wrapper.cfbundle; includeInIndex = 0; path = "Guess The FlagUITests.xctest"; sourceTree = BUILT_PRODUCTS_DIR; };
		2EB2DFC124041F3C0036CE41 /* Guess_The_FlagUITests.swift */ = {isa = PBXFileReference; lastKnownFileType = sourcecode.swift; path = Guess_The_FlagUITests.swift; sourceTree = "<group>"; };
		2EB2DFC324041F3C0036CE41 /* Info.plist */ = {isa = PBXFileReference; lastKnownFileType = text.plist.xml; path = Info.plist; sourceTree = "<group>"; };
/* End PBXFileReference section */

/* Begin PBXFrameworksBuildPhase section */
		2EB2DF9924041F3A0036CE41 /* Frameworks */ = {
			isa = PBXFrameworksBuildPhase;
			buildActionMask = 2147483647;
			files = (
			);
			runOnlyForDeploymentPostprocessing = 0;
		};
		2EB2DFAF24041F3C0036CE41 /* Frameworks */ = {
			isa = PBXFrameworksBuildPhase;
			buildActionMask = 2147483647;
			files = (
			);
			runOnlyForDeploymentPostprocessing = 0;
		};
		2EB2DFBA24041F3C0036CE41 /* Frameworks */ = {
			isa = PBXFrameworksBuildPhase;
			buildActionMask = 2147483647;
			files = (
			);
			runOnlyForDeploymentPostprocessing = 0;
		};
/* End PBXFrameworksBuildPhase section */

/* Begin PBXGroup section */
		2EB2DF9324041F3A0036CE41 = {
			isa = PBXGroup;
			children = (
				2EB2DF9E24041F3A0036CE41 /* Guess The Flag */,
				2EB2DFB524041F3C0036CE41 /* Guess The FlagTests */,
				2EB2DFC024041F3C0036CE41 /* Guess The FlagUITests */,
				2EB2DF9D24041F3A0036CE41 /* Products */,
			);
			sourceTree = "<group>";
		};
		2EB2DF9D24041F3A0036CE41 /* Products */ = {
			isa = PBXGroup;
			children = (
				2EB2DF9C24041F3A0036CE41 /* Guess The Flag.app */,
				2EB2DFB224041F3C0036CE41 /* Guess The FlagTests.xctest */,
				2EB2DFBD24041F3C0036CE41 /* Guess The FlagUITests.xctest */,
			);
			name = Products;
			sourceTree = "<group>";
		};
		2EB2DF9E24041F3A0036CE41 /* Guess The Flag */ = {
			isa = PBXGroup;
			children = (
				2EB2DF9F24041F3A0036CE41 /* AppDelegate.swift */,
				2EB2DFA124041F3A0036CE41 /* SceneDelegate.swift */,
				2EB2DFA324041F3A0036CE41 /* ContentView.swift */,
				2EB2DFA524041F3C0036CE41 /* Assets.xcassets */,
				2EB2DFAA24041F3C0036CE41 /* LaunchScreen.storyboard */,
				2EB2DFAD24041F3C0036CE41 /* Info.plist */,
				2EB2DFA724041F3C0036CE41 /* Preview Content */,
			);
			path = "Guess The Flag";
			sourceTree = "<group>";
		};
		2EB2DFA724041F3C0036CE41 /* Preview Content */ = {
			isa = PBXGroup;
			children = (
				2EB2DFA824041F3C0036CE41 /* Preview Assets.xcassets */,
			);
			path = "Preview Content";
			sourceTree = "<group>";
		};
		2EB2DFB524041F3C0036CE41 /* Guess The FlagTests */ = {
			isa = PBXGroup;
			children = (
				2EB2DFB624041F3C0036CE41 /* Guess_The_FlagTests.swift */,
				2EB2DFB824041F3C0036CE41 /* Info.plist */,
			);
			path = "Guess The FlagTests";
			sourceTree = "<group>";
		};
		2EB2DFC024041F3C0036CE41 /* Guess The FlagUITests */ = {
			isa = PBXGroup;
			children = (
				2EB2DFC124041F3C0036CE41 /* Guess_The_FlagUITests.swift */,
				2EB2DFC324041F3C0036CE41 /* Info.plist */,
			);
			path = "Guess The FlagUITests";
			sourceTree = "<group>";
		};
/* End PBXGroup section */

/* Begin PBXNativeTarget section */
		2EB2DF9B24041F3A0036CE41 /* Guess The Flag */ = {
			isa = PBXNativeTarget;
			buildConfigurationList = 2EB2DFC624041F3C0036CE41 /* Build configuration list for PBXNativeTarget "Guess The Flag" */;
			buildPhases = (
				2EB2DF9824041F3A0036CE41 /* Sources */,
				2EB2DF9924041F3A0036CE41 /* Frameworks */,
				2EB2DF9A24041F3A0036CE41 /* Resources */,
			);
			buildRules = (
			);
			dependencies = (
			);
			name = "Guess The Flag";
			productName = "Guess The Flag";
			productReference = 2EB2DF9C24041F3A0036CE41 /* Guess The Flag.app */;
			productType = "com.apple.product-type.application";
		};
		2EB2DFB124041F3C0036CE41 /* Guess The FlagTests */ = {
			isa = PBXNativeTarget;
			buildConfigurationList = 2EB2DFC924041F3C0036CE41 /* Build configuration list for PBXNativeTarget "Guess The FlagTests" */;
			buildPhases = (
				2EB2DFAE24041F3C0036CE41 /* Sources */,
				2EB2DFAF24041F3C0036CE41 /* Frameworks */,
				2EB2DFB024041F3C0036CE41 /* Resources */,
			);
			buildRules = (
			);
			dependencies = (
				2EB2DFB424041F3C0036CE41 /* PBXTargetDependency */,
			);
			name = "Guess The FlagTests";
			productName = "Guess The FlagTests";
			productReference = 2EB2DFB224041F3C0036CE41 /* Guess The FlagTests.xctest */;
			productType = "com.apple.product-type.bundle.unit-test";
		};
		2EB2DFBC24041F3C0036CE41 /* Guess The FlagUITests */ = {
			isa = PBXNativeTarget;
			buildConfigurationList = 2EB2DFCC24041F3C0036CE41 /* Build configuration list for PBXNativeTarget "Guess The FlagUITests" */;
			buildPhases = (
				2EB2DFB924041F3C0036CE41 /* Sources */,
				2EB2DFBA24041F3C0036CE41 /* Frameworks */,
				2EB2DFBB24041F3C0036CE41 /* Resources */,
			);
			buildRules = (
			);
			dependencies = (
				2EB2DFBF24041F3C0036CE41 /* PBXTargetDependency */,
			);
			name = "Guess The FlagUITests";
			productName = "Guess The FlagUITests";
			productReference = 2EB2DFBD24041F3C0036CE41 /* Guess The FlagUITests.xctest */;
			productType = "com.apple.product-type.bundle.ui-testing";
		};
/* End PBXNativeTarget section */

/* Begin PBXProject section */
		2EB2DF9424041F3A0036CE41 /* Project object */ = {
			isa = PBXProject;
			attributes = {
				LastSwiftUpdateCheck = 1130;
				LastUpgradeCheck = 1130;
				ORGANIZATIONNAME = "Mochamad Lucky Pradana";
				TargetAttributes = {
					2EB2DF9B24041F3A0036CE41 = {
						CreatedOnToolsVersion = 11.3.1;
					};
					2EB2DFB124041F3C0036CE41 = {
						CreatedOnToolsVersion = 11.3.1;
						TestTargetID = 2EB2DF9B24041F3A0036CE41;
					};
					2EB2DFBC24041F3C0036CE41 = {
						CreatedOnToolsVersion = 11.3.1;
						TestTargetID = 2EB2DF9B24041F3A0036CE41;
					};
				};
			};
			buildConfigurationList = 2EB2DF9724041F3A0036CE41 /* Build configuration list for PBXProject "Guess The Flag" */;
			compatibilityVersion = "Xcode 9.3";
			developmentRegion = en;
			hasScannedForEncodings = 0;
			knownRegions = (
				en,
				Base,
			);
			mainGroup = 2EB2DF9324041F3A0036CE41;
			productRefGroup = 2EB2DF9D24041F3A0036CE41 /* Products */;
			projectDirPath = "";
			projectRoot = "";
			targets = (
				2EB2DF9B24041F3A0036CE41 /* Guess The Flag */,
				2EB2DFB124041F3C0036CE41 /* Guess The FlagTests */,
				2EB2DFBC24041F3C0036CE41 /* Guess The FlagUITests */,
			);
		};
/* End PBXProject section */

/* Begin PBXResourcesBuildPhase section */
		2EB2DF9A24041F3A0036CE41 /* Resources */ = {
			isa = PBXResourcesBuildPhase;
			buildActionMask = 2147483647;
			files = (
				2EB2DFAC24041F3C0036CE41 /* LaunchScreen.storyboard in Resources */,
				2EB2DFA924041F3C0036CE41 /* Preview Assets.xcassets in Resources */,
				2EB2DFA624041F3C0036CE41 /* Assets.xcassets in Resources */,
			);
			runOnlyForDeploymentPostprocessing = 0;
		};
		2EB2DFB024041F3C0036CE41 /* Resources */ = {
			isa = PBXResourcesBuildPhase;
			buildActionMask = 2147483647;
			files = (
			);
			runOnlyForDeploymentPostprocessing = 0;
		};
		2EB2DFBB24041F3C0036CE41 /* Resources */ = {
			isa = PBXResourcesBuildPhase;
			buildActionMask = 2147483647;
			files = (
			);
			runOnlyForDeploymentPostprocessing = 0;
		};
/* End PBXResourcesBuildPhase section */

/* Begin PBXSourcesBuildPhase section */
		2EB2DF9824041F3A0036CE41 /* Sources */ = {
			isa = PBXSourcesBuildPhase;
			buildActionMask = 2147483647;
			files = (
				2EB2DFA024041F3A0036CE41 /* AppDelegate.swift in Sources */,
				2EB2DFA224041F3A0036CE41 /* SceneDelegate.swift in Sources */,
				2EB2DFA424041F3A0036CE41 /* ContentView.swift in Sources */,
			);
			runOnlyForDeploymentPostprocessing = 0;
		};
		2EB2DFAE24041F3C0036CE41 /* Sources */ = {
			isa = PBXSourcesBuildPhase;
			buildActionMask = 2147483647;
			files = (
				2EB2DFB724041F3C0036CE41 /* Guess_The_FlagTests.swift in Sources */,
			);
			runOnlyForDeploymentPostprocessing = 0;
		};
		2EB2DFB924041F3C0036CE41 /* Sources */ = {
			isa = PBXSourcesBuildPhase;
			buildActionMask = 2147483647;
			files = (
				2EB2DFC224041F3C0036CE41 /* Guess_The_FlagUITests.swift in Sources */,
			);
			runOnlyForDeploymentPostprocessing = 0;
		};
/* End PBXSourcesBuildPhase section */

/* Begin PBXTargetDependency section */
		2EB2DFB424041F3C0036CE41 /* PBXTargetDependency */ = {
			isa = PBXTargetDependency;
			target = 2EB2DF9B24041F3A0036CE41 /* Guess The Flag */;
			targetProxy = 2EB2DFB324041F3C0036CE41 /* PBXContainerItemProxy */;
		};
		2EB2DFBF24041F3C0036CE41 /* PBXTargetDependency */ = {
			isa = PBXTargetDependency;
			target = 2EB2DF9B24041F3A0036CE41 /* Guess The Flag */;
			targetProxy = 2EB2DFBE24041F3C0036CE41 /* PBXContainerItemProxy */;
		};
/* End PBXTargetDependency section */

/* Begin PBXVariantGroup section */
		2EB2DFAA24041F3C0036CE41 /* LaunchScreen.storyboard */ = {
			isa = PBXVariantGroup;
			children = (
				2EB2DFAB24041F3C0036CE41 /* Base */,
			);
			name = LaunchScreen.storyboard;
			sourceTree = "<group>";
		};
/* End PBXVariantGroup section */

/* Begin XCBuildConfiguration section */
		2EB2DFC424041F3C0036CE41 /* Debug */ = {
			isa = XCBuildConfiguration;
			buildSettings = {
				ALWAYS_SEARCH_USER_PATHS = NO;
				CLANG_ANALYZER_NONNULL = YES;
				CLANG_ANALYZER_NUMBER_OBJECT_CONVERSION = YES_AGGRESSIVE;
				CLANG_CXX_LANGUAGE_STANDARD = "gnu++14";
				CLANG_CXX_LIBRARY = "libc++";
				CLANG_ENABLE_MODULES = YES;
				CLANG_ENABLE_OBJC_ARC = YES;
				CLANG_ENABLE_OBJC_WEAK = YES;
				CLANG_WARN_BLOCK_CAPTURE_AUTORELEASING = YES;
				CLANG_WARN_BOOL_CONVERSION = YES;
				CLANG_WARN_COMMA = YES;
				CLANG_WARN_CONSTANT_CONVERSION = YES;
				CLANG_WARN_DEPRECATED_OBJC_IMPLEMENTATIONS = YES;
				CLANG_WARN_DIRECT_OBJC_ISA_USAGE = YES_ERROR;
				CLANG_WARN_DOCUMENTATION_COMMENTS = YES;
				CLANG_WARN_EMPTY_BODY = YES;
				CLANG_WARN_ENUM_CONVERSION = YES;
				CLANG_WARN_INFINITE_RECURSION = YES;
				CLANG_WARN_INT_CONVERSION = YES;
				CLANG_WARN_NON_LITERAL_NULL_CONVERSION = YES;
				CLANG_WARN_OBJC_IMPLICIT_RETAIN_SELF = YES;
				CLANG_WARN_OBJC_LITERAL_CONVERSION = YES;
				CLANG_WARN_OBJC_ROOT_CLASS = YES_ERROR;
				CLANG_WARN_RANGE_LOOP_ANALYSIS = YES;
				CLANG_WARN_STRICT_PROTOTYPES = YES;
				CLANG_WARN_SUSPICIOUS_MOVE = YES;
				CLANG_WARN_UNGUARDED_AVAILABILITY = YES_AGGRESSIVE;
				CLANG_WARN_UNREACHABLE_CODE = YES;
				CLANG_WARN__DUPLICATE_METHOD_MATCH = YES;
				COPY_PHASE_STRIP = NO;
				DEBUG_INFORMATION_FORMAT = dwarf;
				ENABLE_STRICT_OBJC_MSGSEND = YES;
				ENABLE_TESTABILITY = YES;
				GCC_C_LANGUAGE_STANDARD = gnu11;
				GCC_DYNAMIC_NO_PIC = NO;
				GCC_NO_COMMON_BLOCKS = YES;
				GCC_OPTIMIZATION_LEVEL = 0;
				GCC_PREPROCESSOR_DEFINITIONS = (
					"DEBUG=1",
					"$(inherited)",
				);
				GCC_WARN_64_TO_32_BIT_CONVERSION = YES;
				GCC_WARN_ABOUT_RETURN_TYPE = YES_ERROR;
				GCC_WARN_UNDECLARED_SELECTOR = YES;
				GCC_WARN_UNINITIALIZED_AUTOS = YES_AGGRESSIVE;
				GCC_WARN_UNUSED_FUNCTION = YES;
				GCC_WARN_UNUSED_VARIABLE = YES;
				IPHONEOS_DEPLOYMENT_TARGET = 13.2;
				MTL_ENABLE_DEBUG_INFO = INCLUDE_SOURCE;
				MTL_FAST_MATH = YES;
				ONLY_ACTIVE_ARCH = YES;
				SDKROOT = iphoneos;
				SWIFT_ACTIVE_COMPILATION_CONDITIONS = DEBUG;
				SWIFT_OPTIMIZATION_LEVEL = "-Onone";
			};
			name = Debug;
		};
		2EB2DFC524041F3C0036CE41 /* Release */ = {
			isa = XCBuildConfiguration;
			buildSettings = {
				ALWAYS_SEARCH_USER_PATHS = NO;
				CLANG_ANALYZER_NONNULL = YES;
				CLANG_ANALYZER_NUMBER_OBJECT_CONVERSION = YES_AGGRESSIVE;
				CLANG_CXX_LANGUAGE_STANDARD = "gnu++14";
				CLANG_CXX_LIBRARY = "libc++";
				CLANG_ENABLE_MODULES = YES;
				CLANG_ENABLE_OBJC_ARC = YES;
				CLANG_ENABLE_OBJC_WEAK = YES;
				CLANG_WARN_BLOCK_CAPTURE_AUTORELEASING = YES;
				CLANG_WARN_BOOL_CONVERSION = YES;
				CLANG_WARN_COMMA = YES;
				CLANG_WARN_CONSTANT_CONVERSION = YES;
				CLANG_WARN_DEPRECATED_OBJC_IMPLEMENTATIONS = YES;
				CLANG_WARN_DIRECT_OBJC_ISA_USAGE = YES_ERROR;
				CLANG_WARN_DOCUMENTATION_COMMENTS = YES;
				CLANG_WARN_EMPTY_BODY = YES;
				CLANG_WARN_ENUM_CONVERSION = YES;
				CLANG_WARN_INFINITE_RECURSION = YES;
				CLANG_WARN_INT_CONVERSION = YES;
				CLANG_WARN_NON_LITERAL_NULL_CONVERSION = YES;
				CLANG_WARN_OBJC_IMPLICIT_RETAIN_SELF = YES;
				CLANG_WARN_OBJC_LITERAL_CONVERSION = YES;
				CLANG_WARN_OBJC_ROOT_CLASS = YES_ERROR;
				CLANG_WARN_RANGE_LOOP_ANALYSIS = YES;
				CLANG_WARN_STRICT_PROTOTYPES = YES;
				CLANG_WARN_SUSPICIOUS_MOVE = YES;
				CLANG_WARN_UNGUARDED_AVAILABILITY = YES_AGGRESSIVE;
				CLANG_WARN_UNREACHABLE_CODE = YES;
				CLANG_WARN__DUPLICATE_METHOD_MATCH = YES;
				COPY_PHASE_STRIP = NO;
				DEBUG_INFORMATION_FORMAT = "dwarf-with-dsym";
				ENABLE_NS_ASSERTIONS = NO;
				ENABLE_STRICT_OBJC_MSGSEND = YES;
				GCC_C_LANGUAGE_STANDARD = gnu11;
				GCC_NO_COMMON_BLOCKS = YES;
				GCC_WARN_64_TO_32_BIT_CONVERSION = YES;
				GCC_WARN_ABOUT_RETURN_TYPE = YES_ERROR;
				GCC_WARN_UNDECLARED_SELECTOR = YES;
				GCC_WARN_UNINITIALIZED_AUTOS = YES_AGGRESSIVE;
				GCC_WARN_UNUSED_FUNCTION = YES;
				GCC_WARN_UNUSED_VARIABLE = YES;
				IPHONEOS_DEPLOYMENT_TARGET = 13.2;
				MTL_ENABLE_DEBUG_INFO = NO;
				MTL_FAST_MATH = YES;
				SDKROOT = iphoneos;
				SWIFT_COMPILATION_MODE = wholemodule;
				SWIFT_OPTIMIZATION_LEVEL = "-O";
				VALIDATE_PRODUCT = YES;
			};
			name = Release;
		};
		2EB2DFC724041F3C0036CE41 /* Debug */ = {
			isa = XCBuildConfiguration;
			buildSettings = {
				ASSETCATALOG_COMPILER_APPICON_NAME = AppIcon;
				CODE_SIGN_STYLE = Automatic;
				DEVELOPMENT_ASSET_PATHS = "\"Guess The Flag/Preview Content\"";
				DEVELOPMENT_TEAM = ZLF6GH7D4V;
				ENABLE_PREVIEWS = YES;
				INFOPLIST_FILE = "Guess The Flag/Info.plist";
				LD_RUNPATH_SEARCH_PATHS = (
					"$(inherited)",
					"@executable_path/Frameworks",
				);
				PRODUCT_BUNDLE_IDENTIFIER = "ampersanda.dev.Guess-The-Flag";
				PRODUCT_NAME = "$(TARGET_NAME)";
				SWIFT_VERSION = 5.0;
				TARGETED_DEVICE_FAMILY = "1,2";
			};
			name = Debug;
		};
		2EB2DFC824041F3C0036CE41 /* Release */ = {
			isa = XCBuildConfiguration;
			buildSettings = {
				ASSETCATALOG_COMPILER_APPICON_NAME = AppIcon;
				CODE_SIGN_STYLE = Automatic;
				DEVELOPMENT_ASSET_PATHS = "\"Guess The Flag/Preview Content\"";
				DEVELOPMENT_TEAM = ZLF6GH7D4V;
				ENABLE_PREVIEWS = YES;
				INFOPLIST_FILE = "Guess The Flag/Info.plist";
				LD_RUNPATH_SEARCH_PATHS = (
					"$(inherited)",
					"@executable_path/Frameworks",
				);
				PRODUCT_BUNDLE_IDENTIFIER = "ampersanda.dev.Guess-The-Flag";
				PRODUCT_NAME = "$(TARGET_NAME)";
				SWIFT_VERSION = 5.0;
				TARGETED_DEVICE_FAMILY = "1,2";
			};
			name = Release;
		};
		2EB2DFCA24041F3C0036CE41 /* Debug */ = {
			isa = XCBuildConfiguration;
			buildSettings = {
				ALWAYS_EMBED_SWIFT_STANDARD_LIBRARIES = YES;
				BUNDLE_LOADER = "$(TEST_HOST)";
				CODE_SIGN_STYLE = Automatic;
				DEVELOPMENT_TEAM = ZLF6GH7D4V;
				INFOPLIST_FILE = "Guess The FlagTests/Info.plist";
				IPHONEOS_DEPLOYMENT_TARGET = 13.2;
				LD_RUNPATH_SEARCH_PATHS = (
					"$(inherited)",
					"@executable_path/Frameworks",
					"@loader_path/Frameworks",
				);
				PRODUCT_BUNDLE_IDENTIFIER = "ampersanda.dev.Guess-The-FlagTests";
				PRODUCT_NAME = "$(TARGET_NAME)";
				SWIFT_VERSION = 5.0;
				TARGETED_DEVICE_FAMILY = "1,2";
				TEST_HOST = "$(BUILT_PRODUCTS_DIR)/Guess The Flag.app/Guess The Flag";
			};
			name = Debug;
		};
		2EB2DFCB24041F3C0036CE41 /* Release */ = {
			isa = XCBuildConfiguration;
			buildSettings = {
				ALWAYS_EMBED_SWIFT_STANDARD_LIBRARIES = YES;
				BUNDLE_LOADER = "$(TEST_HOST)";
				CODE_SIGN_STYLE = Automatic;
				DEVELOPMENT_TEAM = ZLF6GH7D4V;
				INFOPLIST_FILE = "Guess The FlagTests/Info.plist";
				IPHONEOS_DEPLOYMENT_TARGET = 13.2;
				LD_RUNPATH_SEARCH_PATHS = (
					"$(inherited)",
					"@executable_path/Frameworks",
					"@loader_path/Frameworks",
				);
				PRODUCT_BUNDLE_IDENTIFIER = "ampersanda.dev.Guess-The-FlagTests";
				PRODUCT_NAME = "$(TARGET_NAME)";
				SWIFT_VERSION = 5.0;
				TARGETED_DEVICE_FAMILY = "1,2";
				TEST_HOST = "$(BUILT_PRODUCTS_DIR)/Guess The Flag.app/Guess The Flag";
			};
			name = Release;
		};
		2EB2DFCD24041F3C0036CE41 /* Debug */ = {
			isa = XCBuildConfiguration;
			buildSettings = {
				ALWAYS_EMBED_SWIFT_STANDARD_LIBRARIES = YES;
				CODE_SIGN_STYLE = Automatic;
				DEVELOPMENT_TEAM = ZLF6GH7D4V;
				INFOPLIST_FILE = "Guess The FlagUITests/Info.plist";
				LD_RUNPATH_SEARCH_PATHS = (
					"$(inherited)",
					"@executable_path/Frameworks",
					"@loader_path/Frameworks",
				);
				PRODUCT_BUNDLE_IDENTIFIER = "ampersanda.dev.Guess-The-FlagUITests";
				PRODUCT_NAME = "$(TARGET_NAME)";
				SWIFT_VERSION = 5.0;
				TARGETED_DEVICE_FAMILY = "1,2";
				TEST_TARGET_NAME = "Guess The Flag";
			};
			name = Debug;
		};
		2EB2DFCE24041F3C0036CE41 /* Release */ = {
			isa = XCBuildConfiguration;
			buildSettings = {
				ALWAYS_EMBED_SWIFT_STANDARD_LIBRARIES = YES;
				CODE_SIGN_STYLE = Automatic;
				DEVELOPMENT_TEAM = ZLF6GH7D4V;
				INFOPLIST_FILE = "Guess The FlagUITests/Info.plist";
				LD_RUNPATH_SEARCH_PATHS = (
					"$(inherited)",
					"@executable_path/Frameworks",
					"@loader_path/Frameworks",
				);
				PRODUCT_BUNDLE_IDENTIFIER = "ampersanda.dev.Guess-The-FlagUITests";
				PRODUCT_NAME = "$(TARGET_NAME)";
				SWIFT_VERSION = 5.0;
				TARGETED_DEVICE_FAMILY = "1,2";
				TEST_TARGET_NAME = "Guess The Flag";
			};
			name = Release;
		};
/* End XCBuildConfiguration section */

/* Begin XCConfigurationList section */
		2EB2DF9724041F3A0036CE41 /* Build configuration list for PBXProject "Guess The Flag" */ = {
			isa = XCConfigurationList;
			buildConfigurations = (
				2EB2DFC424041F3C0036CE41 /* Debug */,
				2EB2DFC524041F3C0036CE41 /* Release */,
			);
			defaultConfigurationIsVisible = 0;
			defaultConfigurationName = Release;
		};
		2EB2DFC624041F3C0036CE41 /* Build configuration list for PBXNativeTarget "Guess The Flag" */ = {
			isa = XCConfigurationList;
			buildConfigurations = (
				2EB2DFC724041F3C0036CE41 /* Debug */,
				2EB2DFC824041F3C0036CE41 /* Release */,
			);
			defaultConfigurationIsVisible = 0;
			defaultConfigurationName = Release;
		};
		2EB2DFC924041F3C0036CE41 /* Build configuration list for PBXNativeTarget "Guess The FlagTests" */ = {
			isa = XCConfigurationList;
			buildConfigurations = (
				2EB2DFCA24041F3C0036CE41 /* Debug */,
				2EB2DFCB24041F3C0036CE41 /* Release */,
			);
			defaultConfigurationIsVisible = 0;
			defaultConfigurationName = Release;
		};
		2EB2DFCC24041F3C0036CE41 /* Build configuration list for PBXNativeTarget "Guess The FlagUITests" */ = {
			isa = XCConfigurationList;
			buildConfigurations = (
				2EB2DFCD24041F3C0036CE41 /* Debug */,
				2EB2DFCE24041F3C0036CE41 /* Release */,
			);
			defaultConfigurationIsVisible = 0;
			defaultConfigurationName = Release;
		};
/* End XCConfigurationList section */
	};
	rootObject = 2EB2DF9424041F3A0036CE41 /* Project object */;
}
